// !$*UTF8*$!
{
	archiveVersion = 1;
	classes = {
	};
	objectVersion = 46;
	objects = {

/* Begin PBXBuildFile section */
		42D4F1A11959D07C008D9350 /* AppDelegate.swift in Sources */ = {isa = PBXBuildFile; fileRef = 42D4F1A01959D07C008D9350 /* AppDelegate.swift */; };
		42D4F1A31959D07C008D9350 /* SearchResultsViewController.swift in Sources */ = {isa = PBXBuildFile; fileRef = 42D4F1A21959D07C008D9350 /* SearchResultsViewController.swift */; };
		42D4F1A61959D07C008D9350 /* Main.storyboard in Resources */ = {isa = PBXBuildFile; fileRef = 42D4F1A41959D07C008D9350 /* Main.storyboard */; };
		42D4F1A81959D07C008D9350 /* Images.xcassets in Resources */ = {isa = PBXBuildFile; fileRef = 42D4F1A71959D07C008D9350 /* Images.xcassets */; };
		42D4F1B41959D07C008D9350 /* CrawlingTests.swift in Sources */ = {isa = PBXBuildFile; fileRef = 42D4F1B31959D07C008D9350 /* CrawlingTests.swift */; };
/* End PBXBuildFile section */

/* Begin PBXContainerItemProxy section */
		42D4F1AE1959D07C008D9350 /* PBXContainerItemProxy */ = {
			isa = PBXContainerItemProxy;
			containerPortal = 42D4F1931959D07C008D9350 /* Project object */;
			proxyType = 1;
			remoteGlobalIDString = 42D4F19A1959D07C008D9350;
			remoteInfo = Crawling;
		};
/* End PBXContainerItemProxy section */

/* Begin PBXFileReference section */
		42D4F19B1959D07C008D9350 /* Crawling.app */ = {isa = PBXFileReference; explicitFileType = wrapper.application; includeInIndex = 0; path = Crawling.app; sourceTree = BUILT_PRODUCTS_DIR; };
		42D4F19F1959D07C008D9350 /* Info.plist */ = {isa = PBXFileReference; lastKnownFileType = text.plist.xml; path = Info.plist; sourceTree = "<group>"; };
		42D4F1A01959D07C008D9350 /* AppDelegate.swift */ = {isa = PBXFileReference; lastKnownFileType = sourcecode.swift; path = AppDelegate.swift; sourceTree = "<group>"; };
		42D4F1A21959D07C008D9350 /* SearchResultsViewController.swift */ = {isa = PBXFileReference; lastKnownFileType = sourcecode.swift; path = SearchResultsViewController.swift; sourceTree = "<group>"; };
		42D4F1A51959D07C008D9350 /* Base */ = {isa = PBXFileReference; lastKnownFileType = file.storyboard; name = Base; path = Base.lproj/Main.storyboard; sourceTree = "<group>"; };
		42D4F1A71959D07C008D9350 /* Images.xcassets */ = {isa = PBXFileReference; lastKnownFileType = folder.assetcatalog; path = Images.xcassets; sourceTree = "<group>"; };
		42D4F1AD1959D07C008D9350 /* CrawlingTests.xctest */ = {isa = PBXFileReference; explicitFileType = wrapper.cfbundle; includeInIndex = 0; path = CrawlingTests.xctest; sourceTree = BUILT_PRODUCTS_DIR; };
		42D4F1B21959D07C008D9350 /* Info.plist */ = {isa = PBXFileReference; lastKnownFileType = text.plist.xml; path = Info.plist; sourceTree = "<group>"; };
		42D4F1B31959D07C008D9350 /* CrawlingTests.swift */ = {isa = PBXFileReference; lastKnownFileType = sourcecode.swift; path = CrawlingTests.swift; sourceTree = "<group>"; };
/* End PBXFileReference section */

/* Begin PBXFrameworksBuildPhase section */
		42D4F1981959D07C008D9350 /* Frameworks */ = {
			isa = PBXFrameworksBuildPhase;
			buildActionMask = 2147483647;
			files = (
			);
			runOnlyForDeploymentPostprocessing = 0;
		};
		42D4F1AA1959D07C008D9350 /* Frameworks */ = {
			isa = PBXFrameworksBuildPhase;
			buildActionMask = 2147483647;
			files = (
			);
			runOnlyForDeploymentPostprocessing = 0;
		};
/* End PBXFrameworksBuildPhase section */

/* Begin PBXGroup section */
		42D4F1921959D07C008D9350 = {
			isa = PBXGroup;
			children = (
				42D4F19D1959D07C008D9350 /* Crawling */,
				42D4F1B01959D07C008D9350 /* CrawlingTests */,
				42D4F19C1959D07C008D9350 /* Products */,
			);
			sourceTree = "<group>";
		};
		42D4F19C1959D07C008D9350 /* Products */ = {
			isa = PBXGroup;
			children = (
				42D4F19B1959D07C008D9350 /* Crawling.app */,
				42D4F1AD1959D07C008D9350 /* CrawlingTests.xctest */,
			);
			name = Products;
			sourceTree = "<group>";
		};
		42D4F19D1959D07C008D9350 /* Crawling */ = {
			isa = PBXGroup;
			children = (
				42D4F1A01959D07C008D9350 /* AppDelegate.swift */,
				42D4F1A21959D07C008D9350 /* SearchResultsViewController.swift */,
				42D4F1A41959D07C008D9350 /* Main.storyboard */,
				42D4F1A71959D07C008D9350 /* Images.xcassets */,
				42D4F19E1959D07C008D9350 /* Supporting Files */,
			);
			path = Crawling;
			sourceTree = "<group>";
		};
		42D4F19E1959D07C008D9350 /* Supporting Files */ = {
			isa = PBXGroup;
			children = (
				42D4F19F1959D07C008D9350 /* Info.plist */,
			);
			name = "Supporting Files";
			sourceTree = "<group>";
		};
		42D4F1B01959D07C008D9350 /* CrawlingTests */ = {
			isa = PBXGroup;
			children = (
				42D4F1B31959D07C008D9350 /* CrawlingTests.swift */,
				42D4F1B11959D07C008D9350 /* Supporting Files */,
			);
			path = CrawlingTests;
			sourceTree = "<group>";
		};
		42D4F1B11959D07C008D9350 /* Supporting Files */ = {
			isa = PBXGroup;
			children = (
				42D4F1B21959D07C008D9350 /* Info.plist */,
			);
			name = "Supporting Files";
			sourceTree = "<group>";
		};
/* End PBXGroup section */

/* Begin PBXNativeTarget section */
		42D4F19A1959D07C008D9350 /* Crawling */ = {
			isa = PBXNativeTarget;
			buildConfigurationList = 42D4F1B71959D07C008D9350 /* Build configuration list for PBXNativeTarget "Crawling" */;
			buildPhases = (
				42D4F1971959D07C008D9350 /* Sources */,
				42D4F1981959D07C008D9350 /* Frameworks */,
				42D4F1991959D07C008D9350 /* Resources */,
			);
			buildRules = (
			);
			dependencies = (
			);
			name = Crawling;
			productName = Crawling;
			productReference = 42D4F19B1959D07C008D9350 /* Crawling.app */;
			productType = "com.apple.product-type.application";
		};
		42D4F1AC1959D07C008D9350 /* CrawlingTests */ = {
			isa = PBXNativeTarget;
			buildConfigurationList = 42D4F1BA1959D07C008D9350 /* Build configuration list for PBXNativeTarget "CrawlingTests" */;
			buildPhases = (
				42D4F1A91959D07C008D9350 /* Sources */,
				42D4F1AA1959D07C008D9350 /* Frameworks */,
				42D4F1AB1959D07C008D9350 /* Resources */,
			);
			buildRules = (
			);
			dependencies = (
				42D4F1AF1959D07C008D9350 /* PBXTargetDependency */,
			);
			name = CrawlingTests;
			productName = CrawlingTests;
			productReference = 42D4F1AD1959D07C008D9350 /* CrawlingTests.xctest */;
			productType = "com.apple.product-type.bundle.unit-test";
		};
/* End PBXNativeTarget section */

/* Begin PBXProject section */
		42D4F1931959D07C008D9350 /* Project object */ = {
			isa = PBXProject;
			attributes = {
				LastUpgradeCheck = 0600;
				ORGANIZATIONNAME = "Andrew Dennis";
				TargetAttributes = {
					42D4F19A1959D07C008D9350 = {
						CreatedOnToolsVersion = 6.0;
					};
					42D4F1AC1959D07C008D9350 = {
						CreatedOnToolsVersion = 6.0;
						TestTargetID = 42D4F19A1959D07C008D9350;
					};
				};
			};
			buildConfigurationList = 42D4F1961959D07C008D9350 /* Build configuration list for PBXProject "Crawling" */;
			compatibilityVersion = "Xcode 3.2";
			developmentRegion = English;
			hasScannedForEncodings = 0;
			knownRegions = (
				en,
				Base,
			);
			mainGroup = 42D4F1921959D07C008D9350;
			productRefGroup = 42D4F19C1959D07C008D9350 /* Products */;
			projectDirPath = "";
			projectRoot = "";
			targets = (
				42D4F19A1959D07C008D9350 /* Crawling */,
				42D4F1AC1959D07C008D9350 /* CrawlingTests */,
			);
		};
/* End PBXProject section */

/* Begin PBXResourcesBuildPhase section */
		42D4F1991959D07C008D9350 /* Resources */ = {
			isa = PBXResourcesBuildPhase;
			buildActionMask = 2147483647;
			files = (
				42D4F1A61959D07C008D9350 /* Main.storyboard in Resources */,
				42D4F1A81959D07C008D9350 /* Images.xcassets in Resources */,
			);
			runOnlyForDeploymentPostprocessing = 0;
		};
		42D4F1AB1959D07C008D9350 /* Resources */ = {
			isa = PBXResourcesBuildPhase;
			buildActionMask = 2147483647;
			files = (
			);
			runOnlyForDeploymentPostprocessing = 0;
		};
/* End PBXResourcesBuildPhase section */

/* Begin PBXSourcesBuildPhase section */
		42D4F1971959D07C008D9350 /* Sources */ = {
			isa = PBXSourcesBuildPhase;
			buildActionMask = 2147483647;
			files = (
				42D4F1A31959D07C008D9350 /* SearchResultsViewController.swift in Sources */,
				42D4F1A11959D07C008D9350 /* AppDelegate.swift in Sources */,
			);
			runOnlyForDeploymentPostprocessing = 0;
		};
		42D4F1A91959D07C008D9350 /* Sources */ = {
			isa = PBXSourcesBuildPhase;
			buildActionMask = 2147483647;
			files = (
				42D4F1B41959D07C008D9350 /* CrawlingTests.swift in Sources */,
			);
			runOnlyForDeploymentPostprocessing = 0;
		};
/* End PBXSourcesBuildPhase section */

/* Begin PBXTargetDependency section */
		42D4F1AF1959D07C008D9350 /* PBXTargetDependency */ = {
			isa = PBXTargetDependency;
			target = 42D4F19A1959D07C008D9350 /* Crawling */;
			targetProxy = 42D4F1AE1959D07C008D9350 /* PBXContainerItemProxy */;
		};
/* End PBXTargetDependency section */

/* Begin PBXVariantGroup section */
		42D4F1A41959D07C008D9350 /* Main.storyboard */ = {
			isa = PBXVariantGroup;
			children = (
				42D4F1A51959D07C008D9350 /* Base */,
			);
			name = Main.storyboard;
			sourceTree = "<group>";
		};
/* End PBXVariantGroup section */

/* Begin XCBuildConfiguration section */
		42D4F1B51959D07C008D9350 /* Debug */ = {
			isa = XCBuildConfiguration;
			buildSettings = {
				ALWAYS_SEARCH_USER_PATHS = NO;
				CLANG_CXX_LANGUAGE_STANDARD = "gnu++0x";
				CLANG_CXX_LIBRARY = "libc++";
				CLANG_ENABLE_MODULES = YES;
				CLANG_ENABLE_OBJC_ARC = YES;
				CLANG_WARN_BOOL_CONVERSION = YES;
				CLANG_WARN_CONSTANT_CONVERSION = YES;
				CLANG_WARN_DIRECT_OBJC_ISA_USAGE = YES_ERROR;
				CLANG_WARN_EMPTY_BODY = YES;
				CLANG_WARN_ENUM_CONVERSION = YES;
				CLANG_WARN_INT_CONVERSION = YES;
				CLANG_WARN_OBJC_ROOT_CLASS = YES_ERROR;
				CLANG_WARN_UNREACHABLE_CODE = YES;
				CLANG_WARN__DUPLICATE_METHOD_MATCH = YES;
				"CODE_SIGN_IDENTITY[sdk=iphoneos*]" = "iPhone Developer";
				COPY_PHASE_STRIP = NO;
				ENABLE_STRICT_OBJC_MSGSEND = YES;
				GCC_C_LANGUAGE_STANDARD = gnu99;
				GCC_DYNAMIC_NO_PIC = NO;
				GCC_OPTIMIZATION_LEVEL = 0;
				GCC_PREPROCESSOR_DEFINITIONS = (
					"DEBUG=1",
					"$(inherited)",
				);
				GCC_SYMBOLS_PRIVATE_EXTERN = NO;
				GCC_WARN_64_TO_32_BIT_CONVERSION = YES;
				GCC_WARN_ABOUT_RETURN_TYPE = YES_ERROR;
				GCC_WARN_UNDECLARED_SELECTOR = YES;
				GCC_WARN_UNINITIALIZED_AUTOS = YES_AGGRESSIVE;
				GCC_WARN_UNUSED_FUNCTION = YES;
				GCC_WARN_UNUSED_VARIABLE = YES;
				IPHONEOS_DEPLOYMENT_TARGET = 8.0;
				METAL_ENABLE_DEBUG_INFO = YES;
				ONLY_ACTIVE_ARCH = YES;
				SDKROOT = iphoneos;
				SWIFT_OPTIMIZATION_LEVEL = "-Onone";
				TARGETED_DEVICE_FAMILY = "1,2";
			};
			name = Debug;
		};
		42D4F1B61959D07C008D9350 /* Release */ = {
			isa = XCBuildConfiguration;
			buildSettings = {
				ALWAYS_SEARCH_USER_PATHS = NO;
				CLANG_CXX_LANGUAGE_STANDARD = "gnu++0x";
				CLANG_CXX_LIBRARY = "libc++";
				CLANG_ENABLE_MODULES = YES;
				CLANG_ENABLE_OBJC_ARC = YES;
				CLANG_WARN_BOOL_CONVERSION = YES;
				CLANG_WARN_CONSTANT_CONVERSION = YES;
				CLANG_WARN_DIRECT_OBJC_ISA_USAGE = YES_ERROR;
				CLANG_WARN_EMPTY_BODY = YES;
				CLANG_WARN_ENUM_CONVERSION = YES;
				CLANG_WARN_INT_CONVERSION = YES;
				CLANG_WARN_OBJC_ROOT_CLASS = YES_ERROR;
				CLANG_WARN_UNREACHABLE_CODE = YES;
				CLANG_WARN__DUPLICATE_METHOD_MATCH = YES;
				"CODE_SIGN_IDENTITY[sdk=iphoneos*]" = "iPhone Developer";
				COPY_PHASE_STRIP = YES;
				ENABLE_NS_ASSERTIONS = NO;
				ENABLE_STRICT_OBJC_MSGSEND = YES;
				GCC_C_LANGUAGE_STANDARD = gnu99;
				GCC_WARN_64_TO_32_BIT_CONVERSION = YES;
				GCC_WARN_ABOUT_RETURN_TYPE = YES_ERROR;
				GCC_WARN_UNDECLARED_SELECTOR = YES;
				GCC_WARN_UNINITIALIZED_AUTOS = YES_AGGRESSIVE;
				GCC_WARN_UNUSED_FUNCTION = YES;
				GCC_WARN_UNUSED_VARIABLE = YES;
				IPHONEOS_DEPLOYMENT_TARGET = 8.0;
				METAL_ENABLE_DEBUG_INFO = NO;
				SDKROOT = iphoneos;
				TARGETED_DEVICE_FAMILY = "1,2";
				VALIDATE_PRODUCT = YES;
			};
			name = Release;
		};
		42D4F1B81959D07C008D9350 /* Debug */ = {
			isa = XCBuildConfiguration;
			buildSettings = {
				ASSETCATALOG_COMPILER_APPICON_NAME = AppIcon;
				ASSETCATALOG_COMPILER_LAUNCHIMAGE_NAME = LaunchImage;
				INFOPLIST_FILE = Crawling/Info.plist;
				LD_RUNPATH_SEARCH_PATHS = "$(inherited) @executable_path/Frameworks";
				PRODUCT_NAME = "$(TARGET_NAME)";
			};
			name = Debug;
		};
		42D4F1B91959D07C008D9350 /* Release */ = {
			isa = XCBuildConfiguration;
			buildSettings = {
				ASSETCATALOG_COMPILER_APPICON_NAME = AppIcon;
				ASSETCATALOG_COMPILER_LAUNCHIMAGE_NAME = LaunchImage;
				INFOPLIST_FILE = Crawling/Info.plist;
				LD_RUNPATH_SEARCH_PATHS = "$(inherited) @executable_path/Frameworks";
				PRODUCT_NAME = "$(TARGET_NAME)";
			};
			name = Release;
		};
		42D4F1BB1959D07C008D9350 /* Debug */ = {
			isa = XCBuildConfiguration;
			buildSettings = {
				BUNDLE_LOADER = "$(BUILT_PRODUCTS_DIR)/Crawling.app/Crawling";
				FRAMEWORK_SEARCH_PATHS = (
					"$(SDKROOT)/Developer/Library/Frameworks",
					"$(inherited)",
				);
				GCC_PREPROCESSOR_DEFINITIONS = (
					"DEBUG=1",
					"$(inherited)",
				);
				INFOPLIST_FILE = CrawlingTests/Info.plist;
				LD_RUNPATH_SEARCH_PATHS = "$(inherited) @executable_path/Frameworks @loader_path/Frameworks";
				METAL_ENABLE_DEBUG_INFO = YES;
				PRODUCT_NAME = "$(TARGET_NAME)";
				TEST_HOST = "$(BUNDLE_LOADER)";
			};
			name = Debug;
		};
		42D4F1BC1959D07C008D9350 /* Release */ = {
			isa = XCBuildConfiguration;
			buildSettings = {
				BUNDLE_LOADER = "$(BUILT_PRODUCTS_DIR)/Crawling.app/Crawling";
				FRAMEWORK_SEARCH_PATHS = (
					"$(SDKROOT)/Developer/Library/Frameworks",
					"$(inherited)",
				);
				INFOPLIST_FILE = CrawlingTests/Info.plist;
				LD_RUNPATH_SEARCH_PATHS = "$(inherited) @executable_path/Frameworks @loader_path/Frameworks";
				METAL_ENABLE_DEBUG_INFO = NO;
				PRODUCT_NAME = "$(TARGET_NAME)";
				TEST_HOST = "$(BUNDLE_LOADER)";
			};
			name = Release;
		};
/* End XCBuildConfiguration section */

/* Begin XCConfigurationList section */
		42D4F1961959D07C008D9350 /* Build configuration list for PBXProject "Crawling" */ = {
			isa = XCConfigurationList;
			buildConfigurations = (
				42D4F1B51959D07C008D9350 /* Debug */,
				42D4F1B61959D07C008D9350 /* Release */,
			);
			defaultConfigurationIsVisible = 0;
			defaultConfigurationName = Release;
		};
		42D4F1B71959D07C008D9350 /* Build configuration list for PBXNativeTarget "Crawling" */ = {
			isa = XCConfigurationList;
			buildConfigurations = (
				42D4F1B81959D07C008D9350 /* Debug */,
				42D4F1B91959D07C008D9350 /* Release */,
			);
			defaultConfigurationIsVisible = 0;
			defaultConfigurationName = Release;
		};
		42D4F1BA1959D07C008D9350 /* Build configuration list for PBXNativeTarget "CrawlingTests" */ = {
			isa = XCConfigurationList;
			buildConfigurations = (
				42D4F1BB1959D07C008D9350 /* Debug */,
				42D4F1BC1959D07C008D9350 /* Release */,
			);
			defaultConfigurationIsVisible = 0;
			defaultConfigurationName = Release;
		};
/* End XCConfigurationList section */
	};
	rootObject = 42D4F1931959D07C008D9350 /* Project object */;
}
